{
  "name": "miniprogram",
  "version": "1.0.0",
  "lockfileVersion": 3,
  "requires": true,
  "packages": {
    "": {
      "name": "miniprogram",
      "version": "1.0.0",
      "license": "ISC",
      "dependencies": {
        "@vant/weapp": "^1.11.5",
        "mina-request": "^1.0.8",
        "mobx-miniprogram": "^6.12.3",
        "mobx-miniprogram-bindings": "^3.0.0"
      }
    },
    "node_modules/@types/wechat-miniprogram": {
      "version": "3.4.7",
      "resolved": "https://registry.npmjs.org/@types/wechat-miniprogram/-/wechat-miniprogram-3.4.7.tgz",
      "integrity": "sha512-X6SVOOaTPQN24lYBSV5jLuWyIedx8DGJnT0VUBnoNzJruhxotCL28ecGb7AO5JfXOXtHqSS5+CnJ70NxFxmisA=="
    },
    "node_modules/@vant/weapp": {
      "version": "1.11.5",
      "resolved": "https://registry.npmjs.org/@vant/weapp/-/weapp-1.11.5.tgz",
      "integrity": "sha512-F/yebMtysTaDrqpCyk6AdQrY3lDB7y5TXNwHtBarxtL2NZzoH+D6pBwz9nY+d0vCin0w0IH9kDF57yb/BP3mNA=="
    },
    "node_modules/mina-request": {
      "version": "1.0.8",
      "resolved": "https://registry.npmjs.org/mina-request/-/mina-request-1.0.8.tgz",
      "integrity": "sha512-IzsnzZEAJOyQnYMKhut7+m6EygiiZOd5yvspNplVlVT026ucaaJrie92k0K0Umw0jkASvJn1WXjSq+FntYj/GQ=="
    },
    "node_modules/mobx-miniprogram": {
      "version": "6.12.3",
      "resolved": "https://registry.npmjs.org/mobx-miniprogram/-/mobx-miniprogram-6.12.3.tgz",
      "integrity": "sha512-GEq1EG7jZPnrHYV43oppa6jY9lgbNRuGPiXyOFRoluHjd5LIGBf3a+zXMjzO1AVwrFOWvVRazxtzfiRXMUUqZw==",
      "funding": {
        "type": "opencollective",
        "url": "https://opencollective.com/mobx"
      }
    },
    "node_modules/mobx-miniprogram-bindings": {
      "version": "3.0.0",
      "resolved": "https://registry.npmjs.org/mobx-miniprogram-bindings/-/mobx-miniprogram-bindings-3.0.0.tgz",
      "integrity": "sha512-58EcQfaC2rDH7O2STLFa5qO/1z24BMkaUqfxnDB2nVlKx7SE/jGL7WoIttZFkrbqdVj3bj3Qs907HzZDC/YuJA==",
      "dependencies": {
        "@types/wechat-miniprogram": "^3.4.7"
      },
      "peerDependencies": {
        "mobx-miniprogram": "^6.0.0"
      }
    }
  }
}
